
Microsoft Visual Studio Solution File, Format Version 12.00
# Visual Studio Version 17
VisualStudioVersion = 17.10.35004.147
MinimumVisualStudioVersion = 10.0.40219.1
Project("{8BC9CEB8-8B4A-11D0-8D11-00A0C91BC942}") = "Buoi1", "Buoi1\Buoi1.vcxproj", "{CC17BCCA-E902-4F23-858C-E941E089748F}"
EndProject
Project("{8BC9CEB8-8B4A-11D0-8D11-00A0C91BC942}") = "Buoi2", "Buoi2\Buoi2.vcxproj", "{1A25387F-4712-4137-A163-885E069583B8}"
EndProject
Project("{8BC9CEB8-8B4A-11D0-8D11-00A0C91BC942}") = "Buoi5", "Buoi5\Buoi5.vcxproj", "{FFF2E622-7B3B-43C7-8856-0E03103AC4CF}"
EndProject
Global
	GlobalSection(SolutionConfigurationPlatforms) = preSolution
		Debug|x64 = Debug|x64
		Debug|x86 = Debug|x86
		Release|x64 = Release|x64
		Release|x86 = Release|x86
	EndGlobalSection
	GlobalSection(ProjectConfigurationPlatforms) = postSolution
		{CC17BCCA-E902-4F23-858C-E941E089748F}.Debug|x64.ActiveCfg = Debug|x64
		{CC17BCCA-E902-4F23-858C-E941E089748F}.Debug|x64.Build.0 = Debug|x64
		{CC17BCCA-E902-4F23-858C-E941E089748F}.Debug|x86.ActiveCfg = Debug|Win32
		{CC17BCCA-E902-4F23-858C-E941E089748F}.Debug|x86.Build.0 = Debug|Win32
		{CC17BCCA-E902-4F23-858C-E941E089748F}.Release|x64.ActiveCfg = Release|x64
		{CC17BCCA-E902-4F23-858C-E941E089748F}.Release|x64.Build.0 = Release|x64
		{CC17BCCA-E902-4F23-858C-E941E089748F}.Release|x86.ActiveCfg = Release|Win32
		{CC17BCCA-E902-4F23-858C-E941E089748F}.Release|x86.Build.0 = Release|Win32
		{1A25387F-4712-4137-A163-885E069583B8}.Debug|x64.ActiveCfg = Debug|x64
		{1A25387F-4712-4137-A163-885E069583B8}.Debug|x64.Build.0 = Debug|x64
		{1A25387F-4712-4137-A163-885E069583B8}.Debug|x86.ActiveCfg = Debug|Win32
		{1A25387F-4712-4137-A163-885E069583B8}.Debug|x86.Build.0 = Debug|Win32
		{1A25387F-4712-4137-A163-885E069583B8}.Release|x64.ActiveCfg = Release|x64
		{1A25387F-4712-4137-A163-885E069583B8}.Release|x64.Build.0 = Release|x64
		{1A25387F-4712-4137-A163-885E069583B8}.Release|x86.ActiveCfg = Release|Win32
		{1A25387F-4712-4137-A163-885E069583B8}.Release|x86.Build.0 = Release|Win32
		{FFF2E622-7B3B-43C7-8856-0E03103AC4CF}.Debug|x64.ActiveCfg = Debug|x64
		{FFF2E622-7B3B-43C7-8856-0E03103AC4CF}.Debug|x64.Build.0 = Debug|x64
		{FFF2E622-7B3B-43C7-8856-0E03103AC4CF}.Debug|x86.ActiveCfg = Debug|Win32
		{FFF2E622-7B3B-43C7-8856-0E03103AC4CF}.Debug|x86.Build.0 = Debug|Win32
		{FFF2E622-7B3B-43C7-8856-0E03103AC4CF}.Release|x64.ActiveCfg = Release|x64
		{FFF2E622-7B3B-43C7-8856-0E03103AC4CF}.Release|x64.Build.0 = Release|x64
		{FFF2E622-7B3B-43C7-8856-0E03103AC4CF}.Release|x86.ActiveCfg = Release|Win32
		{FFF2E622-7B3B-43C7-8856-0E03103AC4CF}.Release|x86.Build.0 = Release|Win32
	EndGlobalSection
	GlobalSection(SolutionProperties) = preSolution
		HideSolutionNode = FALSE
	EndGlobalSection
	GlobalSection(ExtensibilityGlobals) = postSolution
		SolutionGuid = {A27DB71E-3717-4B2B-83DC-17BB7CDBBCCC}
	EndGlobalSection
EndGlobal
