
Microsoft Visual Studio Solution File, Format Version 12.00
# Visual Studio Version 17
VisualStudioVersion = 17.10.35004.147
MinimumVisualStudioVersion = 10.0.40219.1
Project("{8BC9CEB8-8B4A-11D0-8D11-00A0C91BC942}") = "Buoi1", "Buoi1\Buoi1.vcxproj", "{CC17BCCA-E902-4F23-858C-E941E089748F}"
EndProject
Project("{8BC9CEB8-8B4A-11D0-8D11-00A0C91BC942}") = "Buoi2", "Buoi2\Buoi2.vcxproj", "{1A25387F-4712-4137-A163-885E069583B8}"
EndProject
Project("{8BC9CEB8-8B4A-11D0-8D11-00A0C91BC942}") = "Buoi5", "Buoi5\Buoi5.vcxproj", "{FFF2E622-7B3B-43C7-8856-0E03103AC4CF}"
EndProject
Project("{8BC9CEB8-8B4A-11D0-8D11-00A0C91BC942}") = "Buoi 7", "Buoi 7\Buoi 7.vcxproj", "{D09D4969-CBED-431E-8D54-7E4D21DB28CC}"
EndProject
Project("{8BC9CEB8-8B4A-11D0-8D11-00A0C91BC942}") = "Buoi8", "Buoi8\Buoi8.vcxproj", "{98448FF1-0953-4CDF-8498-AC6A32D22D8C}"
EndProject
Project("{8BC9CEB8-8B4A-11D0-8D11-00A0C91BC942}") = "B9", "B9\B9.vcxproj", "{0CD763CF-0A23-410A-AF6E-4A263F34A2AB}"
EndProject
Project("{8BC9CEB8-8B4A-11D0-8D11-00A0C91BC942}") = "B10", "B10\B10.vcxproj", "{33B0D454-9A27-48B4-8408-F0C2F6D6539D}"
EndProject
Project("{8BC9CEB8-8B4A-11D0-8D11-00A0C91BC942}") = "B11", "B11\B11.vcxproj", "{4C1C9791-CB7B-4ED2-8D09-5C4D545D556A}"
EndProject
Global
	GlobalSection(SolutionConfigurationPlatforms) = preSolution
		Debug|x64 = Debug|x64
		Debug|x86 = Debug|x86
		Release|x64 = Release|x64
		Release|x86 = Release|x86
	EndGlobalSection
	GlobalSection(ProjectConfigurationPlatforms) = postSolution
		{CC17BCCA-E902-4F23-858C-E941E089748F}.Debug|x64.ActiveCfg = Debug|x64
		{CC17BCCA-E902-4F23-858C-E941E089748F}.Debug|x64.Build.0 = Debug|x64
		{CC17BCCA-E902-4F23-858C-E941E089748F}.Debug|x86.ActiveCfg = Debug|Win32
		{CC17BCCA-E902-4F23-858C-E941E089748F}.Debug|x86.Build.0 = Debug|Win32
		{CC17BCCA-E902-4F23-858C-E941E089748F}.Release|x64.ActiveCfg = Release|x64
		{CC17BCCA-E902-4F23-858C-E941E089748F}.Release|x64.Build.0 = Release|x64
		{CC17BCCA-E902-4F23-858C-E941E089748F}.Release|x86.ActiveCfg = Release|Win32
		{CC17BCCA-E902-4F23-858C-E941E089748F}.Release|x86.Build.0 = Release|Win32
		{1A25387F-4712-4137-A163-885E069583B8}.Debug|x64.ActiveCfg = Debug|x64
		{1A25387F-4712-4137-A163-885E069583B8}.Debug|x64.Build.0 = Debug|x64
		{1A25387F-4712-4137-A163-885E069583B8}.Debug|x86.ActiveCfg = Debug|Win32
		{1A25387F-4712-4137-A163-885E069583B8}.Debug|x86.Build.0 = Debug|Win32
		{1A25387F-4712-4137-A163-885E069583B8}.Release|x64.ActiveCfg = Release|x64
		{1A25387F-4712-4137-A163-885E069583B8}.Release|x64.Build.0 = Release|x64
		{1A25387F-4712-4137-A163-885E069583B8}.Release|x86.ActiveCfg = Release|Win32
		{1A25387F-4712-4137-A163-885E069583B8}.Release|x86.Build.0 = Release|Win32
		{FFF2E622-7B3B-43C7-8856-0E03103AC4CF}.Debug|x64.ActiveCfg = Debug|x64
		{FFF2E622-7B3B-43C7-8856-0E03103AC4CF}.Debug|x64.Build.0 = Debug|x64
		{FFF2E622-7B3B-43C7-8856-0E03103AC4CF}.Debug|x86.ActiveCfg = Debug|Win32
		{FFF2E622-7B3B-43C7-8856-0E03103AC4CF}.Debug|x86.Build.0 = Debug|Win32
		{FFF2E622-7B3B-43C7-8856-0E03103AC4CF}.Release|x64.ActiveCfg = Release|x64
		{FFF2E622-7B3B-43C7-8856-0E03103AC4CF}.Release|x64.Build.0 = Release|x64
		{FFF2E622-7B3B-43C7-8856-0E03103AC4CF}.Release|x86.ActiveCfg = Release|Win32
		{FFF2E622-7B3B-43C7-8856-0E03103AC4CF}.Release|x86.Build.0 = Release|Win32
		{D09D4969-CBED-431E-8D54-7E4D21DB28CC}.Debug|x64.ActiveCfg = Debug|x64
		{D09D4969-CBED-431E-8D54-7E4D21DB28CC}.Debug|x64.Build.0 = Debug|x64
		{D09D4969-CBED-431E-8D54-7E4D21DB28CC}.Debug|x86.ActiveCfg = Debug|Win32
		{D09D4969-CBED-431E-8D54-7E4D21DB28CC}.Debug|x86.Build.0 = Debug|Win32
		{D09D4969-CBED-431E-8D54-7E4D21DB28CC}.Release|x64.ActiveCfg = Release|x64
		{D09D4969-CBED-431E-8D54-7E4D21DB28CC}.Release|x64.Build.0 = Release|x64
		{D09D4969-CBED-431E-8D54-7E4D21DB28CC}.Release|x86.ActiveCfg = Release|Win32
		{D09D4969-CBED-431E-8D54-7E4D21DB28CC}.Release|x86.Build.0 = Release|Win32
		{98448FF1-0953-4CDF-8498-AC6A32D22D8C}.Debug|x64.ActiveCfg = Debug|x64
		{98448FF1-0953-4CDF-8498-AC6A32D22D8C}.Debug|x64.Build.0 = Debug|x64
		{98448FF1-0953-4CDF-8498-AC6A32D22D8C}.Debug|x86.ActiveCfg = Debug|Win32
		{98448FF1-0953-4CDF-8498-AC6A32D22D8C}.Debug|x86.Build.0 = Debug|Win32
		{98448FF1-0953-4CDF-8498-AC6A32D22D8C}.Release|x64.ActiveCfg = Release|x64
		{98448FF1-0953-4CDF-8498-AC6A32D22D8C}.Release|x64.Build.0 = Release|x64
		{98448FF1-0953-4CDF-8498-AC6A32D22D8C}.Release|x86.ActiveCfg = Release|Win32
		{98448FF1-0953-4CDF-8498-AC6A32D22D8C}.Release|x86.Build.0 = Release|Win32
		{0CD763CF-0A23-410A-AF6E-4A263F34A2AB}.Debug|x64.ActiveCfg = Debug|x64
		{0CD763CF-0A23-410A-AF6E-4A263F34A2AB}.Debug|x64.Build.0 = Debug|x64
		{0CD763CF-0A23-410A-AF6E-4A263F34A2AB}.Debug|x86.ActiveCfg = Debug|Win32
		{0CD763CF-0A23-410A-AF6E-4A263F34A2AB}.Debug|x86.Build.0 = Debug|Win32
		{0CD763CF-0A23-410A-AF6E-4A263F34A2AB}.Release|x64.ActiveCfg = Release|x64
		{0CD763CF-0A23-410A-AF6E-4A263F34A2AB}.Release|x64.Build.0 = Release|x64
		{0CD763CF-0A23-410A-AF6E-4A263F34A2AB}.Release|x86.ActiveCfg = Release|Win32
		{0CD763CF-0A23-410A-AF6E-4A263F34A2AB}.Release|x86.Build.0 = Release|Win32
		{33B0D454-9A27-48B4-8408-F0C2F6D6539D}.Debug|x64.ActiveCfg = Debug|x64
		{33B0D454-9A27-48B4-8408-F0C2F6D6539D}.Debug|x64.Build.0 = Debug|x64
		{33B0D454-9A27-48B4-8408-F0C2F6D6539D}.Debug|x86.ActiveCfg = Debug|Win32
		{33B0D454-9A27-48B4-8408-F0C2F6D6539D}.Debug|x86.Build.0 = Debug|Win32
		{33B0D454-9A27-48B4-8408-F0C2F6D6539D}.Release|x64.ActiveCfg = Release|x64
		{33B0D454-9A27-48B4-8408-F0C2F6D6539D}.Release|x64.Build.0 = Release|x64
		{33B0D454-9A27-48B4-8408-F0C2F6D6539D}.Release|x86.ActiveCfg = Release|Win32
		{33B0D454-9A27-48B4-8408-F0C2F6D6539D}.Release|x86.Build.0 = Release|Win32
		{4C1C9791-CB7B-4ED2-8D09-5C4D545D556A}.Debug|x64.ActiveCfg = Debug|x64
		{4C1C9791-CB7B-4ED2-8D09-5C4D545D556A}.Debug|x64.Build.0 = Debug|x64
		{4C1C9791-CB7B-4ED2-8D09-5C4D545D556A}.Debug|x86.ActiveCfg = Debug|Win32
		{4C1C9791-CB7B-4ED2-8D09-5C4D545D556A}.Debug|x86.Build.0 = Debug|Win32
		{4C1C9791-CB7B-4ED2-8D09-5C4D545D556A}.Release|x64.ActiveCfg = Release|x64
		{4C1C9791-CB7B-4ED2-8D09-5C4D545D556A}.Release|x64.Build.0 = Release|x64
		{4C1C9791-CB7B-4ED2-8D09-5C4D545D556A}.Release|x86.ActiveCfg = Release|Win32
		{4C1C9791-CB7B-4ED2-8D09-5C4D545D556A}.Release|x86.Build.0 = Release|Win32
	EndGlobalSection
	GlobalSection(SolutionProperties) = preSolution
		HideSolutionNode = FALSE
	EndGlobalSection
	GlobalSection(ExtensibilityGlobals) = postSolution
		SolutionGuid = {A27DB71E-3717-4B2B-83DC-17BB7CDBBCCC}
	EndGlobalSection
EndGlobal
